{
  "version": "3",
  "packages": {
    "specifiers": {
      "npm:currency.js@2.0.4": "npm:currency.js@2.0.4",
      "npm:ts-pattern@5.0.5": "npm:ts-pattern@5.0.5",
      "npm:zod@3.22.4": "npm:zod@3.22.4"
    },
    "npm": {
      "currency.js@2.0.4": {
        "integrity": "sha512-6/OplJYgJ0RUlli74d93HJ/OsKVBi8lB1+Z6eJYS1YZzBuIp4qKKHpJ7ad+GvTlWmLR/hLJOWTykN5Nm8NJ7+w==",
        "dependencies": {}
      },
      "ts-pattern@5.0.5": {
        "integrity": "sha512-tL0w8U/pgaacOmkb9fRlYzWEUDCfVjjv9dD4wHTgZ61MjhuMt46VNWTG747NqW6vRzoWIKABVhFSOJ82FvXrfA==",
        "dependencies": {}
      },
      "zod@3.22.4": {
        "integrity": "sha512-iC+8Io04lddc+mVqQ9AZ7OQ2MrUKGN+oIQyq1vemgt46jwCwLfhq7/pwnBnNXXXZb8VTVLKwp9EDkx+ryxIWmg==",
        "dependencies": {}
      }
    }
  },
  "remote": {
    "https://deno.land/std@0.207.0/dotenv/mod.ts": "039468f5c87d39b69d7ca6c3d68ebca82f206ec0ff5e011d48205eea292ea5a6"
  }
}
